
Microsoft Visual Studio Solution File, Format Version 12.00
# Visual Studio 15
VisualStudioVersion = 15.0.27703.1
MinimumVisualStudioVersion = 10.0.40219.1
Project("{8BC9CEB8-8B4A-11D0-8D11-00A0C91BC942}") = "Virtual_Disk", "Virtual_Disk\Virtual_Disk.vcxproj", "{732E0064-2789-4817-A7D0-3AC918D417D5}"
EndProject
Global
	GlobalSection(SolutionConfigurationPlatforms) = preSolution
		Debug|x64 = Debug|x64
		Debug|x86 = Debug|x86
		Release|x64 = Release|x64
		Release|x86 = Release|x86
	EndGlobalSection
	GlobalSection(ProjectConfigurationPlatforms) = postSolution
		{732E0064-2789-4817-A7D0-3AC918D417D5}.Debug|x64.ActiveCfg = Debug|x64
		{732E0064-2789-4817-A7D0-3AC918D417D5}.Debug|x64.Build.0 = Debug|x64
		{732E0064-2789-4817-A7D0-3AC918D417D5}.Debug|x86.ActiveCfg = Debug|Win32
		{732E0064-2789-4817-A7D0-3AC918D417D5}.Debug|x86.Build.0 = Debug|Win32
		{732E0064-2789-4817-A7D0-3AC918D417D5}.Release|x64.ActiveCfg = Release|x64
		{732E0064-2789-4817-A7D0-3AC918D417D5}.Release|x64.Build.0 = Release|x64
		{732E0064-2789-4817-A7D0-3AC918D417D5}.Release|x86.ActiveCfg = Release|Win32
		{732E0064-2789-4817-A7D0-3AC918D417D5}.Release|x86.Build.0 = Release|Win32
	EndGlobalSection
	GlobalSection(SolutionProperties) = preSolution
		HideSolutionNode = FALSE
	EndGlobalSection
	GlobalSection(ExtensibilityGlobals) = postSolution
		SolutionGuid = {CFB3B113-D581-4C88-837E-87C7A326FE5E}
	EndGlobalSection
EndGlobal
